// !$*UTF8*$!
{
	archiveVersion = 1;
	classes = {
	};
	objectVersion = 50;
	objects = {

/* Begin PBXBuildFile section */
		B7B513AC24461918001D392A /* MediaFeedDataModel.xcdatamodeld in Sources */ = {isa = PBXBuildFile; fileRef = B7B513AA24461918001D392A /* MediaFeedDataModel.xcdatamodeld */; };
		B7B513AF24461BD7001D392A /* CDMediaObject+CoreDataClass.swift in Sources */ = {isa = PBXBuildFile; fileRef = B7B513AD24461BD7001D392A /* CDMediaObject+CoreDataClass.swift */; };
		B7B513B024461BD7001D392A /* CDMediaObject+CoreDataProperties.swift in Sources */ = {isa = PBXBuildFile; fileRef = B7B513AE24461BD7001D392A /* CDMediaObject+CoreDataProperties.swift */; };
		B7EA438E2444B9D5005DF337 /* AppDelegate.swift in Sources */ = {isa = PBXBuildFile; fileRef = B7EA438D2444B9D5005DF337 /* AppDelegate.swift */; };
		B7EA43902444B9D5005DF337 /* SceneDelegate.swift in Sources */ = {isa = PBXBuildFile; fileRef = B7EA438F2444B9D5005DF337 /* SceneDelegate.swift */; };
		B7EA43952444B9D5005DF337 /* Main.storyboard in Resources */ = {isa = PBXBuildFile; fileRef = B7EA43932444B9D5005DF337 /* Main.storyboard */; };
		B7EA43972444B9D7005DF337 /* Assets.xcassets in Resources */ = {isa = PBXBuildFile; fileRef = B7EA43962444B9D7005DF337 /* Assets.xcassets */; };
		B7EA439A2444B9D7005DF337 /* LaunchScreen.storyboard in Resources */ = {isa = PBXBuildFile; fileRef = B7EA43982444B9D7005DF337 /* LaunchScreen.storyboard */; };
		B7EA43A22444BBE1005DF337 /* MediaFeedViewController.swift in Sources */ = {isa = PBXBuildFile; fileRef = B7EA43A12444BBE1005DF337 /* MediaFeedViewController.swift */; };
		B7EA43A42444C02D005DF337 /* MediaCell.swift in Sources */ = {isa = PBXBuildFile; fileRef = B7EA43A32444C02D005DF337 /* MediaCell.swift */; };
		B7EA43A62444C08F005DF337 /* HeaderView.swift in Sources */ = {isa = PBXBuildFile; fileRef = B7EA43A52444C08F005DF337 /* HeaderView.swift */; };
		B7EA43A82444C411005DF337 /* MediaObject.swift in Sources */ = {isa = PBXBuildFile; fileRef = B7EA43A72444C411005DF337 /* MediaObject.swift */; };
		B7EA43AA2444EB64005DF337 /* URL+VideoPreviewThumbnail.swift in Sources */ = {isa = PBXBuildFile; fileRef = B7EA43A92444EB64005DF337 /* URL+VideoPreviewThumbnail.swift */; };
/* End PBXBuildFile section */

/* Begin PBXFileReference section */
		B7B513AB24461918001D392A /* MediaFeedDataModel.xcdatamodel */ = {isa = PBXFileReference; lastKnownFileType = wrapper.xcdatamodel; path = MediaFeedDataModel.xcdatamodel; sourceTree = "<group>"; };
		B7B513AD24461BD7001D392A /* CDMediaObject+CoreDataClass.swift */ = {isa = PBXFileReference; lastKnownFileType = sourcecode.swift; path = "CDMediaObject+CoreDataClass.swift"; sourceTree = "<group>"; };
		B7B513AE24461BD7001D392A /* CDMediaObject+CoreDataProperties.swift */ = {isa = PBXFileReference; lastKnownFileType = sourcecode.swift; path = "CDMediaObject+CoreDataProperties.swift"; sourceTree = "<group>"; };
		B7EA438A2444B9D5005DF337 /* AVFoundation-MediaFeed.app */ = {isa = PBXFileReference; explicitFileType = wrapper.application; includeInIndex = 0; path = "AVFoundation-MediaFeed.app"; sourceTree = BUILT_PRODUCTS_DIR; };
		B7EA438D2444B9D5005DF337 /* AppDelegate.swift */ = {isa = PBXFileReference; lastKnownFileType = sourcecode.swift; path = AppDelegate.swift; sourceTree = "<group>"; };
		B7EA438F2444B9D5005DF337 /* SceneDelegate.swift */ = {isa = PBXFileReference; lastKnownFileType = sourcecode.swift; path = SceneDelegate.swift; sourceTree = "<group>"; };
		B7EA43942444B9D5005DF337 /* Base */ = {isa = PBXFileReference; lastKnownFileType = file.storyboard; name = Base; path = Base.lproj/Main.storyboard; sourceTree = "<group>"; };
		B7EA43962444B9D7005DF337 /* Assets.xcassets */ = {isa = PBXFileReference; lastKnownFileType = folder.assetcatalog; path = Assets.xcassets; sourceTree = "<group>"; };
		B7EA43992444B9D7005DF337 /* Base */ = {isa = PBXFileReference; lastKnownFileType = file.storyboard; name = Base; path = Base.lproj/LaunchScreen.storyboard; sourceTree = "<group>"; };
		B7EA439B2444B9D7005DF337 /* Info.plist */ = {isa = PBXFileReference; lastKnownFileType = text.plist.xml; path = Info.plist; sourceTree = "<group>"; };
		B7EA43A12444BBE1005DF337 /* MediaFeedViewController.swift */ = {isa = PBXFileReference; lastKnownFileType = sourcecode.swift; path = MediaFeedViewController.swift; sourceTree = "<group>"; };
		B7EA43A32444C02D005DF337 /* MediaCell.swift */ = {isa = PBXFileReference; lastKnownFileType = sourcecode.swift; path = MediaCell.swift; sourceTree = "<group>"; };
		B7EA43A52444C08F005DF337 /* HeaderView.swift */ = {isa = PBXFileReference; lastKnownFileType = sourcecode.swift; path = HeaderView.swift; sourceTree = "<group>"; };
		B7EA43A72444C411005DF337 /* MediaObject.swift */ = {isa = PBXFileReference; lastKnownFileType = sourcecode.swift; path = MediaObject.swift; sourceTree = "<group>"; };
		B7EA43A92444EB64005DF337 /* URL+VideoPreviewThumbnail.swift */ = {isa = PBXFileReference; lastKnownFileType = sourcecode.swift; path = "URL+VideoPreviewThumbnail.swift"; sourceTree = "<group>"; };
/* End PBXFileReference section */

/* Begin PBXFrameworksBuildPhase section */
		B7EA43872444B9D5005DF337 /* Frameworks */ = {
			isa = PBXFrameworksBuildPhase;
			buildActionMask = 2147483647;
			files = (
			);
			runOnlyForDeploymentPostprocessing = 0;
		};
/* End PBXFrameworksBuildPhase section */

/* Begin PBXGroup section */
		B7EA43812444B9D5005DF337 = {
			isa = PBXGroup;
			children = (
				B7EA438C2444B9D5005DF337 /* AVFoundation-MediaFeed */,
				B7EA438B2444B9D5005DF337 /* Products */,
			);
			sourceTree = "<group>";
		};
		B7EA438B2444B9D5005DF337 /* Products */ = {
			isa = PBXGroup;
			children = (
				B7EA438A2444B9D5005DF337 /* AVFoundation-MediaFeed.app */,
			);
			name = Products;
			sourceTree = "<group>";
		};
		B7EA438C2444B9D5005DF337 /* AVFoundation-MediaFeed */ = {
			isa = PBXGroup;
			children = (
				B7EA438D2444B9D5005DF337 /* AppDelegate.swift */,
				B7B513AA24461918001D392A /* MediaFeedDataModel.xcdatamodeld */,
				B7EA438F2444B9D5005DF337 /* SceneDelegate.swift */,
				B7EA43A12444BBE1005DF337 /* MediaFeedViewController.swift */,
				B7EA43A92444EB64005DF337 /* URL+VideoPreviewThumbnail.swift */,
				B7EA43A72444C411005DF337 /* MediaObject.swift */,
				B7B513AD24461BD7001D392A /* CDMediaObject+CoreDataClass.swift */,
				B7B513AE24461BD7001D392A /* CDMediaObject+CoreDataProperties.swift */,
				B7EA43A32444C02D005DF337 /* MediaCell.swift */,
				B7EA43A52444C08F005DF337 /* HeaderView.swift */,
				B7EA43932444B9D5005DF337 /* Main.storyboard */,
				B7EA43962444B9D7005DF337 /* Assets.xcassets */,
				B7EA43982444B9D7005DF337 /* LaunchScreen.storyboard */,
				B7EA439B2444B9D7005DF337 /* Info.plist */,
			);
			path = "AVFoundation-MediaFeed";
			sourceTree = "<group>";
		};
/* End PBXGroup section */

/* Begin PBXNativeTarget section */
		B7EA43892444B9D5005DF337 /* AVFoundation-MediaFeed */ = {
			isa = PBXNativeTarget;
			buildConfigurationList = B7EA439E2444B9D7005DF337 /* Build configuration list for PBXNativeTarget "AVFoundation-MediaFeed" */;
			buildPhases = (
				B7EA43862444B9D5005DF337 /* Sources */,
				B7EA43872444B9D5005DF337 /* Frameworks */,
				B7EA43882444B9D5005DF337 /* Resources */,
			);
			buildRules = (
			);
			dependencies = (
			);
			name = "AVFoundation-MediaFeed";
			productName = "AVFoundation-MediaFeed";
			productReference = B7EA438A2444B9D5005DF337 /* AVFoundation-MediaFeed.app */;
			productType = "com.apple.product-type.application";
		};
/* End PBXNativeTarget section */

/* Begin PBXProject section */
		B7EA43822444B9D5005DF337 /* Project object */ = {
			isa = PBXProject;
			attributes = {
				LastSwiftUpdateCheck = 1140;
				LastUpgradeCheck = 1140;
				ORGANIZATIONNAME = "Amy Alsaydi";
				TargetAttributes = {
					B7EA43892444B9D5005DF337 = {
						CreatedOnToolsVersion = 11.4;
					};
				};
			};
			buildConfigurationList = B7EA43852444B9D5005DF337 /* Build configuration list for PBXProject "AVFoundation-MediaFeed" */;
			compatibilityVersion = "Xcode 9.3";
			developmentRegion = en;
			hasScannedForEncodings = 0;
			knownRegions = (
				en,
				Base,
			);
			mainGroup = B7EA43812444B9D5005DF337;
			productRefGroup = B7EA438B2444B9D5005DF337 /* Products */;
			projectDirPath = "";
			projectRoot = "";
			targets = (
				B7EA43892444B9D5005DF337 /* AVFoundation-MediaFeed */,
			);
		};
/* End PBXProject section */

/* Begin PBXResourcesBuildPhase section */
		B7EA43882444B9D5005DF337 /* Resources */ = {
			isa = PBXResourcesBuildPhase;
			buildActionMask = 2147483647;
			files = (
				B7EA439A2444B9D7005DF337 /* LaunchScreen.storyboard in Resources */,
				B7EA43972444B9D7005DF337 /* Assets.xcassets in Resources */,
				B7EA43952444B9D5005DF337 /* Main.storyboard in Resources */,
			);
			runOnlyForDeploymentPostprocessing = 0;
		};
/* End PBXResourcesBuildPhase section */

/* Begin PBXSourcesBuildPhase section */
		B7EA43862444B9D5005DF337 /* Sources */ = {
			isa = PBXSourcesBuildPhase;
			buildActionMask = 2147483647;
			files = (
				B7EA43A62444C08F005DF337 /* HeaderView.swift in Sources */,
				B7EA43AA2444EB64005DF337 /* URL+VideoPreviewThumbnail.swift in Sources */,
				B7B513B024461BD7001D392A /* CDMediaObject+CoreDataProperties.swift in Sources */,
				B7EA43A82444C411005DF337 /* MediaObject.swift in Sources */,
				B7EA438E2444B9D5005DF337 /* AppDelegate.swift in Sources */,
				B7EA43A22444BBE1005DF337 /* MediaFeedViewController.swift in Sources */,
				B7EA43A42444C02D005DF337 /* MediaCell.swift in Sources */,
				B7B513AC24461918001D392A /* MediaFeedDataModel.xcdatamodeld in Sources */,
				B7B513AF24461BD7001D392A /* CDMediaObject+CoreDataClass.swift in Sources */,
				B7EA43902444B9D5005DF337 /* SceneDelegate.swift in Sources */,
			);
			runOnlyForDeploymentPostprocessing = 0;
		};
/* End PBXSourcesBuildPhase section */

/* Begin PBXVariantGroup section */
		B7EA43932444B9D5005DF337 /* Main.storyboard */ = {
			isa = PBXVariantGroup;
			children = (
				B7EA43942444B9D5005DF337 /* Base */,
			);
			name = Main.storyboard;
			sourceTree = "<group>";
		};
		B7EA43982444B9D7005DF337 /* LaunchScreen.storyboard */ = {
			isa = PBXVariantGroup;
			children = (
				B7EA43992444B9D7005DF337 /* Base */,
			);
			name = LaunchScreen.storyboard;
			sourceTree = "<group>";
		};
/* End PBXVariantGroup section */

/* Begin XCBuildConfiguration section */
		B7EA439C2444B9D7005DF337 /* Debug */ = {
			isa = XCBuildConfiguration;
			buildSettings = {
				ALWAYS_SEARCH_USER_PATHS = NO;
				CLANG_ANALYZER_NONNULL = YES;
				CLANG_ANALYZER_NUMBER_OBJECT_CONVERSION = YES_AGGRESSIVE;
				CLANG_CXX_LANGUAGE_STANDARD = "gnu++14";
				CLANG_CXX_LIBRARY = "libc++";
				CLANG_ENABLE_MODULES = YES;
				CLANG_ENABLE_OBJC_ARC = YES;
				CLANG_ENABLE_OBJC_WEAK = YES;
				CLANG_WARN_BLOCK_CAPTURE_AUTORELEASING = YES;
				CLANG_WARN_BOOL_CONVERSION = YES;
				CLANG_WARN_COMMA = YES;
				CLANG_WARN_CONSTANT_CONVERSION = YES;
				CLANG_WARN_DEPRECATED_OBJC_IMPLEMENTATIONS = YES;
				CLANG_WARN_DIRECT_OBJC_ISA_USAGE = YES_ERROR;
				CLANG_WARN_DOCUMENTATION_COMMENTS = YES;
				CLANG_WARN_EMPTY_BODY = YES;
				CLANG_WARN_ENUM_CONVERSION = YES;
				CLANG_WARN_INFINITE_RECURSION = YES;
				CLANG_WARN_INT_CONVERSION = YES;
				CLANG_WARN_NON_LITERAL_NULL_CONVERSION = YES;
				CLANG_WARN_OBJC_IMPLICIT_RETAIN_SELF = YES;
				CLANG_WARN_OBJC_LITERAL_CONVERSION = YES;
				CLANG_WARN_OBJC_ROOT_CLASS = YES_ERROR;
				CLANG_WARN_RANGE_LOOP_ANALYSIS = YES;
				CLANG_WARN_STRICT_PROTOTYPES = YES;
				CLANG_WARN_SUSPICIOUS_MOVE = YES;
				CLANG_WARN_UNGUARDED_AVAILABILITY = YES_AGGRESSIVE;
				CLANG_WARN_UNREACHABLE_CODE = YES;
				CLANG_WARN__DUPLICATE_METHOD_MATCH = YES;
				COPY_PHASE_STRIP = NO;
				DEBUG_INFORMATION_FORMAT = dwarf;
				ENABLE_STRICT_OBJC_MSGSEND = YES;
				ENABLE_TESTABILITY = YES;
				GCC_C_LANGUAGE_STANDARD = gnu11;
				GCC_DYNAMIC_NO_PIC = NO;
				GCC_NO_COMMON_BLOCKS = YES;
				GCC_OPTIMIZATION_LEVEL = 0;
				GCC_PREPROCESSOR_DEFINITIONS = (
					"DEBUG=1",
					"$(inherited)",
				);
				GCC_WARN_64_TO_32_BIT_CONVERSION = YES;
				GCC_WARN_ABOUT_RETURN_TYPE = YES_ERROR;
				GCC_WARN_UNDECLARED_SELECTOR = YES;
				GCC_WARN_UNINITIALIZED_AUTOS = YES_AGGRESSIVE;
				GCC_WARN_UNUSED_FUNCTION = YES;
				GCC_WARN_UNUSED_VARIABLE = YES;
				IPHONEOS_DEPLOYMENT_TARGET = 13.4;
				MTL_ENABLE_DEBUG_INFO = INCLUDE_SOURCE;
				MTL_FAST_MATH = YES;
				ONLY_ACTIVE_ARCH = YES;
				SDKROOT = iphoneos;
				SWIFT_ACTIVE_COMPILATION_CONDITIONS = DEBUG;
				SWIFT_OPTIMIZATION_LEVEL = "-Onone";
			};
			name = Debug;
		};
		B7EA439D2444B9D7005DF337 /* Release */ = {
			isa = XCBuildConfiguration;
			buildSettings = {
				ALWAYS_SEARCH_USER_PATHS = NO;
				CLANG_ANALYZER_NONNULL = YES;
				CLANG_ANALYZER_NUMBER_OBJECT_CONVERSION = YES_AGGRESSIVE;
				CLANG_CXX_LANGUAGE_STANDARD = "gnu++14";
				CLANG_CXX_LIBRARY = "libc++";
				CLANG_ENABLE_MODULES = YES;
				CLANG_ENABLE_OBJC_ARC = YES;
				CLANG_ENABLE_OBJC_WEAK = YES;
				CLANG_WARN_BLOCK_CAPTURE_AUTORELEASING = YES;
				CLANG_WARN_BOOL_CONVERSION = YES;
				CLANG_WARN_COMMA = YES;
				CLANG_WARN_CONSTANT_CONVERSION = YES;
				CLANG_WARN_DEPRECATED_OBJC_IMPLEMENTATIONS = YES;
				CLANG_WARN_DIRECT_OBJC_ISA_USAGE = YES_ERROR;
				CLANG_WARN_DOCUMENTATION_COMMENTS = YES;
				CLANG_WARN_EMPTY_BODY = YES;
				CLANG_WARN_ENUM_CONVERSION = YES;
				CLANG_WARN_INFINITE_RECURSION = YES;
				CLANG_WARN_INT_CONVERSION = YES;
				CLANG_WARN_NON_LITERAL_NULL_CONVERSION = YES;
				CLANG_WARN_OBJC_IMPLICIT_RETAIN_SELF = YES;
				CLANG_WARN_OBJC_LITERAL_CONVERSION = YES;
				CLANG_WARN_OBJC_ROOT_CLASS = YES_ERROR;
				CLANG_WARN_RANGE_LOOP_ANALYSIS = YES;
				CLANG_WARN_STRICT_PROTOTYPES = YES;
				CLANG_WARN_SUSPICIOUS_MOVE = YES;
				CLANG_WARN_UNGUARDED_AVAILABILITY = YES_AGGRESSIVE;
				CLANG_WARN_UNREACHABLE_CODE = YES;
				CLANG_WARN__DUPLICATE_METHOD_MATCH = YES;
				COPY_PHASE_STRIP = NO;
				DEBUG_INFORMATION_FORMAT = "dwarf-with-dsym";
				ENABLE_NS_ASSERTIONS = NO;
				ENABLE_STRICT_OBJC_MSGSEND = YES;
				GCC_C_LANGUAGE_STANDARD = gnu11;
				GCC_NO_COMMON_BLOCKS = YES;
				GCC_WARN_64_TO_32_BIT_CONVERSION = YES;
				GCC_WARN_ABOUT_RETURN_TYPE = YES_ERROR;
				GCC_WARN_UNDECLARED_SELECTOR = YES;
				GCC_WARN_UNINITIALIZED_AUTOS = YES_AGGRESSIVE;
				GCC_WARN_UNUSED_FUNCTION = YES;
				GCC_WARN_UNUSED_VARIABLE = YES;
				IPHONEOS_DEPLOYMENT_TARGET = 13.4;
				MTL_ENABLE_DEBUG_INFO = NO;
				MTL_FAST_MATH = YES;
				SDKROOT = iphoneos;
				SWIFT_COMPILATION_MODE = wholemodule;
				SWIFT_OPTIMIZATION_LEVEL = "-O";
				VALIDATE_PRODUCT = YES;
			};
			name = Release;
		};
		B7EA439F2444B9D7005DF337 /* Debug */ = {
			isa = XCBuildConfiguration;
			buildSettings = {
				ASSETCATALOG_COMPILER_APPICON_NAME = AppIcon;
				CODE_SIGN_STYLE = Automatic;
				DEVELOPMENT_TEAM = WDT827LK75;
				INFOPLIST_FILE = "AVFoundation-MediaFeed/Info.plist";
				IPHONEOS_DEPLOYMENT_TARGET = 13.3;
				LD_RUNPATH_SEARCH_PATHS = (
					"$(inherited)",
					"@executable_path/Frameworks",
				);
				PRODUCT_BUNDLE_IDENTIFIER = "com.Amy.AVFoundation-MediaFeed";
				PRODUCT_NAME = "$(TARGET_NAME)";
				SWIFT_VERSION = 5.0;
				TARGETED_DEVICE_FAMILY = "1,2";
			};
			name = Debug;
		};
		B7EA43A02444B9D7005DF337 /* Release */ = {
			isa = XCBuildConfiguration;
			buildSettings = {
				ASSETCATALOG_COMPILER_APPICON_NAME = AppIcon;
				CODE_SIGN_STYLE = Automatic;
				DEVELOPMENT_TEAM = WDT827LK75;
				INFOPLIST_FILE = "AVFoundation-MediaFeed/Info.plist";
				IPHONEOS_DEPLOYMENT_TARGET = 13.3;
				LD_RUNPATH_SEARCH_PATHS = (
					"$(inherited)",
					"@executable_path/Frameworks",
				);
				PRODUCT_BUNDLE_IDENTIFIER = "com.Amy.AVFoundation-MediaFeed";
				PRODUCT_NAME = "$(TARGET_NAME)";
				SWIFT_VERSION = 5.0;
				TARGETED_DEVICE_FAMILY = "1,2";
			};
			name = Release;
		};
/* End XCBuildConfiguration section */

/* Begin XCConfigurationList section */
		B7EA43852444B9D5005DF337 /* Build configuration list for PBXProject "AVFoundation-MediaFeed" */ = {
			isa = XCConfigurationList;
			buildConfigurations = (
				B7EA439C2444B9D7005DF337 /* Debug */,
				B7EA439D2444B9D7005DF337 /* Release */,
			);
			defaultConfigurationIsVisible = 0;
			defaultConfigurationName = Release;
		};
		B7EA439E2444B9D7005DF337 /* Build configuration list for PBXNativeTarget "AVFoundation-MediaFeed" */ = {
			isa = XCConfigurationList;
			buildConfigurations = (
				B7EA439F2444B9D7005DF337 /* Debug */,
				B7EA43A02444B9D7005DF337 /* Release */,
			);
			defaultConfigurationIsVisible = 0;
			defaultConfigurationName = Release;
		};
/* End XCConfigurationList section */

/* Begin XCVersionGroup section */
		B7B513AA24461918001D392A /* MediaFeedDataModel.xcdatamodeld */ = {
			isa = XCVersionGroup;
			children = (
				B7B513AB24461918001D392A /* MediaFeedDataModel.xcdatamodel */,
			);
			currentVersion = B7B513AB24461918001D392A /* MediaFeedDataModel.xcdatamodel */;
			path = MediaFeedDataModel.xcdatamodeld;
			sourceTree = "<group>";
			versionGroupType = wrapper.xcdatamodel;
		};
/* End XCVersionGroup section */
	};
	rootObject = B7EA43822444B9D5005DF337 /* Project object */;
}
